
Microsoft Visual Studio Solution File, Format Version 12.00
# Visual Studio Version 16
VisualStudioVersion = 16.0.30114.105
MinimumVisualStudioVersion = 10.0.40219.1
Project("{FAE04EC0-301F-11D3-BF4B-00C04F79EFBC}") = "ConsoleApp", "ConsoleApp\ConsoleApp.csproj", "{59E47D7B-EACD-4350-8C4A-2B9392E54999}"
EndProject
Global
	GlobalSection(SolutionConfigurationPlatforms) = preSolution
		Debug|Any CPU = Debug|Any CPU
		Release|Any CPU = Release|Any CPU
	EndGlobalSection
	GlobalSection(ProjectConfigurationPlatforms) = postSolution
		{59E47D7B-EACD-4350-8C4A-2B9392E54999}.Debug|Any CPU.ActiveCfg = Debug|Any CPU
		{59E47D7B-EACD-4350-8C4A-2B9392E54999}.Debug|Any CPU.Build.0 = Debug|Any CPU
		{59E47D7B-EACD-4350-8C4A-2B9392E54999}.Release|Any CPU.ActiveCfg = Release|Any CPU
		{59E47D7B-EACD-4350-8C4A-2B9392E54999}.Release|Any CPU.Build.0 = Release|Any CPU
	EndGlobalSection
	GlobalSection(SolutionProperties) = preSolution
		HideSolutionNode = FALSE
	EndGlobalSection
	GlobalSection(ExtensibilityGlobals) = postSolution
		SolutionGuid = {50F6BED9-0B4D-4736-91C4-EF6BA3D75575}
	EndGlobalSection
EndGlobal
